// !$*UTF8*$!
{
	archiveVersion = 1;
	classes = {
	};
	objectVersion = 50;
	objects = {

/* Begin PBXBuildFile section */
		86E43F57234F57060019E48D /* AppDelegate.swift in Sources */ = {isa = PBXBuildFile; fileRef = 86E43F56234F57060019E48D /* AppDelegate.swift */; };
		86E43F59234F57060019E48D /* SceneDelegate.swift in Sources */ = {isa = PBXBuildFile; fileRef = 86E43F58234F57060019E48D /* SceneDelegate.swift */; };
		86E43F5B234F57060019E48D /* ViewController.swift in Sources */ = {isa = PBXBuildFile; fileRef = 86E43F5A234F57060019E48D /* ViewController.swift */; };
		86E43F5E234F57060019E48D /* Main.storyboard in Resources */ = {isa = PBXBuildFile; fileRef = 86E43F5C234F57060019E48D /* Main.storyboard */; };
		86E43F60234F57090019E48D /* Assets.xcassets in Resources */ = {isa = PBXBuildFile; fileRef = 86E43F5F234F57090019E48D /* Assets.xcassets */; };
		86E43F63234F57090019E48D /* LaunchScreen.storyboard in Resources */ = {isa = PBXBuildFile; fileRef = 86E43F61234F57090019E48D /* LaunchScreen.storyboard */; };
		86F3F192235330F9004D64AA /* Default-568h@2x.png in Resources */ = {isa = PBXBuildFile; fileRef = 86F3F191235330F9004D64AA /* Default-568h@2x.png */; };
		86F3F19423533926004D64AA /* SimpleCollectionViewViewController.swift in Sources */ = {isa = PBXBuildFile; fileRef = 86F3F19323533926004D64AA /* SimpleCollectionViewViewController.swift */; };
/* End PBXBuildFile section */

/* Begin PBXFileReference section */
		86E43F53234F57060019E48D /* MyUISamples.app */ = {isa = PBXFileReference; explicitFileType = wrapper.application; includeInIndex = 0; path = MyUISamples.app; sourceTree = BUILT_PRODUCTS_DIR; };
		86E43F56234F57060019E48D /* AppDelegate.swift */ = {isa = PBXFileReference; lastKnownFileType = sourcecode.swift; path = AppDelegate.swift; sourceTree = "<group>"; };
		86E43F58234F57060019E48D /* SceneDelegate.swift */ = {isa = PBXFileReference; lastKnownFileType = sourcecode.swift; path = SceneDelegate.swift; sourceTree = "<group>"; };
		86E43F5A234F57060019E48D /* ViewController.swift */ = {isa = PBXFileReference; lastKnownFileType = sourcecode.swift; path = ViewController.swift; sourceTree = "<group>"; };
		86E43F5D234F57060019E48D /* Base */ = {isa = PBXFileReference; lastKnownFileType = file.storyboard; name = Base; path = Base.lproj/Main.storyboard; sourceTree = "<group>"; };
		86E43F5F234F57090019E48D /* Assets.xcassets */ = {isa = PBXFileReference; lastKnownFileType = folder.assetcatalog; path = Assets.xcassets; sourceTree = "<group>"; };
		86E43F62234F57090019E48D /* Base */ = {isa = PBXFileReference; lastKnownFileType = file.storyboard; name = Base; path = Base.lproj/LaunchScreen.storyboard; sourceTree = "<group>"; };
		86E43F64234F57090019E48D /* Info.plist */ = {isa = PBXFileReference; lastKnownFileType = text.plist.xml; path = Info.plist; sourceTree = "<group>"; };
		86F3F191235330F9004D64AA /* Default-568h@2x.png */ = {isa = PBXFileReference; lastKnownFileType = image.png; path = "Default-568h@2x.png"; sourceTree = "<group>"; };
		86F3F19323533926004D64AA /* SimpleCollectionViewViewController.swift */ = {isa = PBXFileReference; lastKnownFileType = sourcecode.swift; path = SimpleCollectionViewViewController.swift; sourceTree = "<group>"; };
/* End PBXFileReference section */

/* Begin PBXFrameworksBuildPhase section */
		86E43F50234F57060019E48D /* Frameworks */ = {
			isa = PBXFrameworksBuildPhase;
			buildActionMask = 2147483647;
			files = (
			);
			runOnlyForDeploymentPostprocessing = 0;
		};
/* End PBXFrameworksBuildPhase section */

/* Begin PBXGroup section */
		86E43F4A234F57060019E48D = {
			isa = PBXGroup;
			children = (
				86F3F191235330F9004D64AA /* Default-568h@2x.png */,
				86E43F55234F57060019E48D /* MyUISamples */,
				86E43F54234F57060019E48D /* Products */,
			);
			sourceTree = "<group>";
		};
		86E43F54234F57060019E48D /* Products */ = {
			isa = PBXGroup;
			children = (
				86E43F53234F57060019E48D /* MyUISamples.app */,
			);
			name = Products;
			sourceTree = "<group>";
		};
		86E43F55234F57060019E48D /* MyUISamples */ = {
			isa = PBXGroup;
			children = (
				86F3F18F2353307D004D64AA /* Controllers */,
				86F3F18E23532E0B004D64AA /* Views */,
				86E43F56234F57060019E48D /* AppDelegate.swift */,
				86E43F58234F57060019E48D /* SceneDelegate.swift */,
				86E43F5F234F57090019E48D /* Assets.xcassets */,
				86E43F64234F57090019E48D /* Info.plist */,
			);
			path = MyUISamples;
			sourceTree = "<group>";
		};
		86F3F18E23532E0B004D64AA /* Views */ = {
			isa = PBXGroup;
			children = (
				86E43F5C234F57060019E48D /* Main.storyboard */,
				86E43F61234F57090019E48D /* LaunchScreen.storyboard */,
			);
			path = Views;
			sourceTree = "<group>";
		};
		86F3F18F2353307D004D64AA /* Controllers */ = {
			isa = PBXGroup;
			children = (
				86E43F5A234F57060019E48D /* ViewController.swift */,
				86F3F19323533926004D64AA /* SimpleCollectionViewViewController.swift */,
			);
			path = Controllers;
			sourceTree = "<group>";
		};
/* End PBXGroup section */

/* Begin PBXNativeTarget section */
		86E43F52234F57060019E48D /* MyUISamples */ = {
			isa = PBXNativeTarget;
			buildConfigurationList = 86E43F67234F57090019E48D /* Build configuration list for PBXNativeTarget "MyUISamples" */;
			buildPhases = (
				86E43F4F234F57060019E48D /* Sources */,
				86E43F50234F57060019E48D /* Frameworks */,
				86E43F51234F57060019E48D /* Resources */,
			);
			buildRules = (
			);
			dependencies = (
			);
			name = MyUISamples;
			productName = MyUISamples;
			productReference = 86E43F53234F57060019E48D /* MyUISamples.app */;
			productType = "com.apple.product-type.application";
		};
/* End PBXNativeTarget section */

/* Begin PBXProject section */
		86E43F4B234F57060019E48D /* Project object */ = {
			isa = PBXProject;
			attributes = {
				LastSwiftUpdateCheck = 1100;
				LastUpgradeCheck = 1100;
				ORGANIZATIONNAME = MyTeam;
				TargetAttributes = {
					86E43F52234F57060019E48D = {
						CreatedOnToolsVersion = 11.0;
					};
				};
			};
			buildConfigurationList = 86E43F4E234F57060019E48D /* Build configuration list for PBXProject "MyUISamples" */;
			compatibilityVersion = "Xcode 9.3";
			developmentRegion = en;
			hasScannedForEncodings = 0;
			knownRegions = (
				en,
				Base,
			);
			mainGroup = 86E43F4A234F57060019E48D;
			productRefGroup = 86E43F54234F57060019E48D /* Products */;
			projectDirPath = "";
			projectRoot = "";
			targets = (
				86E43F52234F57060019E48D /* MyUISamples */,
			);
		};
/* End PBXProject section */

/* Begin PBXResourcesBuildPhase section */
		86E43F51234F57060019E48D /* Resources */ = {
			isa = PBXResourcesBuildPhase;
			buildActionMask = 2147483647;
			files = (
				86E43F63234F57090019E48D /* LaunchScreen.storyboard in Resources */,
				86F3F192235330F9004D64AA /* Default-568h@2x.png in Resources */,
				86E43F60234F57090019E48D /* Assets.xcassets in Resources */,
				86E43F5E234F57060019E48D /* Main.storyboard in Resources */,
			);
			runOnlyForDeploymentPostprocessing = 0;
		};
/* End PBXResourcesBuildPhase section */

/* Begin PBXSourcesBuildPhase section */
		86E43F4F234F57060019E48D /* Sources */ = {
			isa = PBXSourcesBuildPhase;
			buildActionMask = 2147483647;
			files = (
				86E43F5B234F57060019E48D /* ViewController.swift in Sources */,
				86E43F57234F57060019E48D /* AppDelegate.swift in Sources */,
				86E43F59234F57060019E48D /* SceneDelegate.swift in Sources */,
				86F3F19423533926004D64AA /* SimpleCollectionViewViewController.swift in Sources */,
			);
			runOnlyForDeploymentPostprocessing = 0;
		};
/* End PBXSourcesBuildPhase section */

/* Begin PBXVariantGroup section */
		86E43F5C234F57060019E48D /* Main.storyboard */ = {
			isa = PBXVariantGroup;
			children = (
				86E43F5D234F57060019E48D /* Base */,
			);
			name = Main.storyboard;
			sourceTree = "<group>";
		};
		86E43F61234F57090019E48D /* LaunchScreen.storyboard */ = {
			isa = PBXVariantGroup;
			children = (
				86E43F62234F57090019E48D /* Base */,
			);
			name = LaunchScreen.storyboard;
			sourceTree = "<group>";
		};
/* End PBXVariantGroup section */

/* Begin XCBuildConfiguration section */
		86E43F65234F57090019E48D /* Debug */ = {
			isa = XCBuildConfiguration;
			buildSettings = {
				ALWAYS_SEARCH_USER_PATHS = NO;
				CLANG_ANALYZER_NONNULL = YES;
				CLANG_ANALYZER_NUMBER_OBJECT_CONVERSION = YES_AGGRESSIVE;
				CLANG_CXX_LANGUAGE_STANDARD = "gnu++14";
				CLANG_CXX_LIBRARY = "libc++";
				CLANG_ENABLE_MODULES = YES;
				CLANG_ENABLE_OBJC_ARC = YES;
				CLANG_ENABLE_OBJC_WEAK = YES;
				CLANG_WARN_BLOCK_CAPTURE_AUTORELEASING = YES;
				CLANG_WARN_BOOL_CONVERSION = YES;
				CLANG_WARN_COMMA = YES;
				CLANG_WARN_CONSTANT_CONVERSION = YES;
				CLANG_WARN_DEPRECATED_OBJC_IMPLEMENTATIONS = YES;
				CLANG_WARN_DIRECT_OBJC_ISA_USAGE = YES_ERROR;
				CLANG_WARN_DOCUMENTATION_COMMENTS = YES;
				CLANG_WARN_EMPTY_BODY = YES;
				CLANG_WARN_ENUM_CONVERSION = YES;
				CLANG_WARN_INFINITE_RECURSION = YES;
				CLANG_WARN_INT_CONVERSION = YES;
				CLANG_WARN_NON_LITERAL_NULL_CONVERSION = YES;
				CLANG_WARN_OBJC_IMPLICIT_RETAIN_SELF = YES;
				CLANG_WARN_OBJC_LITERAL_CONVERSION = YES;
				CLANG_WARN_OBJC_ROOT_CLASS = YES_ERROR;
				CLANG_WARN_RANGE_LOOP_ANALYSIS = YES;
				CLANG_WARN_STRICT_PROTOTYPES = YES;
				CLANG_WARN_SUSPICIOUS_MOVE = YES;
				CLANG_WARN_UNGUARDED_AVAILABILITY = YES_AGGRESSIVE;
				CLANG_WARN_UNREACHABLE_CODE = YES;
				CLANG_WARN__DUPLICATE_METHOD_MATCH = YES;
				COPY_PHASE_STRIP = NO;
				DEBUG_INFORMATION_FORMAT = dwarf;
				ENABLE_STRICT_OBJC_MSGSEND = YES;
				ENABLE_TESTABILITY = YES;
				GCC_C_LANGUAGE_STANDARD = gnu11;
				GCC_DYNAMIC_NO_PIC = NO;
				GCC_NO_COMMON_BLOCKS = YES;
				GCC_OPTIMIZATION_LEVEL = 0;
				GCC_PREPROCESSOR_DEFINITIONS = (
					"DEBUG=1",
					"$(inherited)",
				);
				GCC_WARN_64_TO_32_BIT_CONVERSION = YES;
				GCC_WARN_ABOUT_RETURN_TYPE = YES_ERROR;
				GCC_WARN_UNDECLARED_SELECTOR = YES;
				GCC_WARN_UNINITIALIZED_AUTOS = YES_AGGRESSIVE;
				GCC_WARN_UNUSED_FUNCTION = YES;
				GCC_WARN_UNUSED_VARIABLE = YES;
				IPHONEOS_DEPLOYMENT_TARGET = 13.0;
				MTL_ENABLE_DEBUG_INFO = INCLUDE_SOURCE;
				MTL_FAST_MATH = YES;
				ONLY_ACTIVE_ARCH = YES;
				SDKROOT = iphoneos;
				SWIFT_ACTIVE_COMPILATION_CONDITIONS = DEBUG;
				SWIFT_OPTIMIZATION_LEVEL = "-Onone";
			};
			name = Debug;
		};
		86E43F66234F57090019E48D /* Release */ = {
			isa = XCBuildConfiguration;
			buildSettings = {
				ALWAYS_SEARCH_USER_PATHS = NO;
				CLANG_ANALYZER_NONNULL = YES;
				CLANG_ANALYZER_NUMBER_OBJECT_CONVERSION = YES_AGGRESSIVE;
				CLANG_CXX_LANGUAGE_STANDARD = "gnu++14";
				CLANG_CXX_LIBRARY = "libc++";
				CLANG_ENABLE_MODULES = YES;
				CLANG_ENABLE_OBJC_ARC = YES;
				CLANG_ENABLE_OBJC_WEAK = YES;
				CLANG_WARN_BLOCK_CAPTURE_AUTORELEASING = YES;
				CLANG_WARN_BOOL_CONVERSION = YES;
				CLANG_WARN_COMMA = YES;
				CLANG_WARN_CONSTANT_CONVERSION = YES;
				CLANG_WARN_DEPRECATED_OBJC_IMPLEMENTATIONS = YES;
				CLANG_WARN_DIRECT_OBJC_ISA_USAGE = YES_ERROR;
				CLANG_WARN_DOCUMENTATION_COMMENTS = YES;
				CLANG_WARN_EMPTY_BODY = YES;
				CLANG_WARN_ENUM_CONVERSION = YES;
				CLANG_WARN_INFINITE_RECURSION = YES;
				CLANG_WARN_INT_CONVERSION = YES;
				CLANG_WARN_NON_LITERAL_NULL_CONVERSION = YES;
				CLANG_WARN_OBJC_IMPLICIT_RETAIN_SELF = YES;
				CLANG_WARN_OBJC_LITERAL_CONVERSION = YES;
				CLANG_WARN_OBJC_ROOT_CLASS = YES_ERROR;
				CLANG_WARN_RANGE_LOOP_ANALYSIS = YES;
				CLANG_WARN_STRICT_PROTOTYPES = YES;
				CLANG_WARN_SUSPICIOUS_MOVE = YES;
				CLANG_WARN_UNGUARDED_AVAILABILITY = YES_AGGRESSIVE;
				CLANG_WARN_UNREACHABLE_CODE = YES;
				CLANG_WARN__DUPLICATE_METHOD_MATCH = YES;
				COPY_PHASE_STRIP = NO;
				DEBUG_INFORMATION_FORMAT = "dwarf-with-dsym";
				ENABLE_NS_ASSERTIONS = NO;
				ENABLE_STRICT_OBJC_MSGSEND = YES;
				GCC_C_LANGUAGE_STANDARD = gnu11;
				GCC_NO_COMMON_BLOCKS = YES;
				GCC_WARN_64_TO_32_BIT_CONVERSION = YES;
				GCC_WARN_ABOUT_RETURN_TYPE = YES_ERROR;
				GCC_WARN_UNDECLARED_SELECTOR = YES;
				GCC_WARN_UNINITIALIZED_AUTOS = YES_AGGRESSIVE;
				GCC_WARN_UNUSED_FUNCTION = YES;
				GCC_WARN_UNUSED_VARIABLE = YES;
				IPHONEOS_DEPLOYMENT_TARGET = 13.0;
				MTL_ENABLE_DEBUG_INFO = NO;
				MTL_FAST_MATH = YES;
				SDKROOT = iphoneos;
				SWIFT_COMPILATION_MODE = wholemodule;
				SWIFT_OPTIMIZATION_LEVEL = "-O";
				VALIDATE_PRODUCT = YES;
			};
			name = Release;
		};
		86E43F68234F57090019E48D /* Debug */ = {
			isa = XCBuildConfiguration;
			buildSettings = {
				ASSETCATALOG_COMPILER_APPICON_NAME = AppIcon;
				CODE_SIGN_STYLE = Automatic;
				DEVELOPMENT_TEAM = 3Q4R6U76B4;
				INFOPLIST_FILE = MyUISamples/Info.plist;
				LD_RUNPATH_SEARCH_PATHS = (
					"$(inherited)",
					"@executable_path/Frameworks",
				);
				PRODUCT_BUNDLE_IDENTIFIER = com.hpc.MyUISamples;
				PRODUCT_NAME = "$(TARGET_NAME)";
				SWIFT_VERSION = 5.0;
				TARGETED_DEVICE_FAMILY = 1;
			};
			name = Debug;
		};
		86E43F69234F57090019E48D /* Release */ = {
			isa = XCBuildConfiguration;
			buildSettings = {
				ASSETCATALOG_COMPILER_APPICON_NAME = AppIcon;
				CODE_SIGN_STYLE = Automatic;
				DEVELOPMENT_TEAM = 3Q4R6U76B4;
				INFOPLIST_FILE = MyUISamples/Info.plist;
				LD_RUNPATH_SEARCH_PATHS = (
					"$(inherited)",
					"@executable_path/Frameworks",
				);
				PRODUCT_BUNDLE_IDENTIFIER = com.hpc.MyUISamples;
				PRODUCT_NAME = "$(TARGET_NAME)";
				SWIFT_VERSION = 5.0;
				TARGETED_DEVICE_FAMILY = 1;
			};
			name = Release;
		};
/* End XCBuildConfiguration section */

/* Begin XCConfigurationList section */
		86E43F4E234F57060019E48D /* Build configuration list for PBXProject "MyUISamples" */ = {
			isa = XCConfigurationList;
			buildConfigurations = (
				86E43F65234F57090019E48D /* Debug */,
				86E43F66234F57090019E48D /* Release */,
			);
			defaultConfigurationIsVisible = 0;
			defaultConfigurationName = Release;
		};
		86E43F67234F57090019E48D /* Build configuration list for PBXNativeTarget "MyUISamples" */ = {
			isa = XCConfigurationList;
			buildConfigurations = (
				86E43F68234F57090019E48D /* Debug */,
				86E43F69234F57090019E48D /* Release */,
			);
			defaultConfigurationIsVisible = 0;
			defaultConfigurationName = Release;
		};
/* End XCConfigurationList section */
	};
	rootObject = 86E43F4B234F57060019E48D /* Project object */;
}
